
Microsoft Visual Studio Solution File, Format Version 12.00
Project("{2150E333-8FDC-42A3-9474-1A3956D46DE8}") = "Src", "Src", "{96B1FFDD-89F6-44C7-BB9E-C953443AF3E9}"
EndProject
Project("{2150E333-8FDC-42A3-9474-1A3956D46DE8}") = "Tests", "Tests", "{428FF528-6393-4C4C-8BA3-CBE78014555D}"
EndProject
Project("{2150E333-8FDC-42A3-9474-1A3956D46DE8}") = "Core", "Core", "{F954FD00-6575-41DC-BBAA-7926DE218B7E}"
EndProject
Project("{2150E333-8FDC-42A3-9474-1A3956D46DE8}") = "External", "External", "{962FECC4-981F-4FAF-8EBB-F54727F3D937}"
EndProject
Project("{FAE04EC0-301F-11D3-BF4B-00C04F79EFBC}") = "CompanyName.AppName.Domain", "CompanyName.AppName.Domain\CompanyName.AppName.Domain.csproj", "{DA64991D-E8B2-4F7F-B524-8A209A8049E2}"
EndProject
Project("{FAE04EC0-301F-11D3-BF4B-00C04F79EFBC}") = "CompanyName.AppName.Application", "CompanyName.AppName.Application\CompanyName.AppName.Application.csproj", "{BBAE1CF4-D5CF-4E69-AF12-43FC595DAC82}"
EndProject
Project("{2150E333-8FDC-42A3-9474-1A3956D46DE8}") = "Infrastructure", "Infrastructure", "{CC36CD39-001B-487C-AB2B-D504ED522ACF}"
EndProject
Project("{2150E333-8FDC-42A3-9474-1A3956D46DE8}") = "Presantation", "Presantation", "{2CD27273-FEE5-462C-BC24-043BFEC867B8}"
EndProject
Project("{FAE04EC0-301F-11D3-BF4B-00C04F79EFBC}") = "CompanyName.AppName.Infrastructure", "CompanyName.AppName.Infrastructure\CompanyName.AppName.Infrastructure.csproj", "{F6448EED-4120-4C99-A9A7-00C6BE045595}"
EndProject
Project("{FAE04EC0-301F-11D3-BF4B-00C04F79EFBC}") = "CompanyName.AppName.Persistence", "CompanyName.AppName.Persistence\CompanyName.AppName.Persistence.csproj", "{F352F2E0-3F46-424D-94DC-5AF00947CE9C}"
EndProject
Project("{FAE04EC0-301F-11D3-BF4B-00C04F79EFBC}") = "CompanyName.AppName.Api", "CompanyName.AppName.Api\CompanyName.AppName.Api.csproj", "{36B79894-0E57-45D6-B898-D9498D4BF773}"
EndProject
Global
	GlobalSection(SolutionConfigurationPlatforms) = preSolution
		Debug|Any CPU = Debug|Any CPU
		Release|Any CPU = Release|Any CPU
	EndGlobalSection
	GlobalSection(NestedProjects) = preSolution
		{F954FD00-6575-41DC-BBAA-7926DE218B7E} = {96B1FFDD-89F6-44C7-BB9E-C953443AF3E9}
		{962FECC4-981F-4FAF-8EBB-F54727F3D937} = {96B1FFDD-89F6-44C7-BB9E-C953443AF3E9}
		{DA64991D-E8B2-4F7F-B524-8A209A8049E2} = {F954FD00-6575-41DC-BBAA-7926DE218B7E}
		{BBAE1CF4-D5CF-4E69-AF12-43FC595DAC82} = {F954FD00-6575-41DC-BBAA-7926DE218B7E}
		{CC36CD39-001B-487C-AB2B-D504ED522ACF} = {962FECC4-981F-4FAF-8EBB-F54727F3D937}
		{2CD27273-FEE5-462C-BC24-043BFEC867B8} = {962FECC4-981F-4FAF-8EBB-F54727F3D937}
		{F6448EED-4120-4C99-A9A7-00C6BE045595} = {CC36CD39-001B-487C-AB2B-D504ED522ACF}
		{F352F2E0-3F46-424D-94DC-5AF00947CE9C} = {CC36CD39-001B-487C-AB2B-D504ED522ACF}
		{36B79894-0E57-45D6-B898-D9498D4BF773} = {2CD27273-FEE5-462C-BC24-043BFEC867B8}
	EndGlobalSection
	GlobalSection(ProjectConfigurationPlatforms) = postSolution
		{DA64991D-E8B2-4F7F-B524-8A209A8049E2}.Debug|Any CPU.ActiveCfg = Debug|Any CPU
		{DA64991D-E8B2-4F7F-B524-8A209A8049E2}.Debug|Any CPU.Build.0 = Debug|Any CPU
		{DA64991D-E8B2-4F7F-B524-8A209A8049E2}.Release|Any CPU.ActiveCfg = Release|Any CPU
		{DA64991D-E8B2-4F7F-B524-8A209A8049E2}.Release|Any CPU.Build.0 = Release|Any CPU
		{BBAE1CF4-D5CF-4E69-AF12-43FC595DAC82}.Debug|Any CPU.ActiveCfg = Debug|Any CPU
		{BBAE1CF4-D5CF-4E69-AF12-43FC595DAC82}.Debug|Any CPU.Build.0 = Debug|Any CPU
		{BBAE1CF4-D5CF-4E69-AF12-43FC595DAC82}.Release|Any CPU.ActiveCfg = Release|Any CPU
		{BBAE1CF4-D5CF-4E69-AF12-43FC595DAC82}.Release|Any CPU.Build.0 = Release|Any CPU
		{F6448EED-4120-4C99-A9A7-00C6BE045595}.Debug|Any CPU.ActiveCfg = Debug|Any CPU
		{F6448EED-4120-4C99-A9A7-00C6BE045595}.Debug|Any CPU.Build.0 = Debug|Any CPU
		{F6448EED-4120-4C99-A9A7-00C6BE045595}.Release|Any CPU.ActiveCfg = Release|Any CPU
		{F6448EED-4120-4C99-A9A7-00C6BE045595}.Release|Any CPU.Build.0 = Release|Any CPU
		{F352F2E0-3F46-424D-94DC-5AF00947CE9C}.Debug|Any CPU.ActiveCfg = Debug|Any CPU
		{F352F2E0-3F46-424D-94DC-5AF00947CE9C}.Debug|Any CPU.Build.0 = Debug|Any CPU
		{F352F2E0-3F46-424D-94DC-5AF00947CE9C}.Release|Any CPU.ActiveCfg = Release|Any CPU
		{F352F2E0-3F46-424D-94DC-5AF00947CE9C}.Release|Any CPU.Build.0 = Release|Any CPU
		{36B79894-0E57-45D6-B898-D9498D4BF773}.Debug|Any CPU.ActiveCfg = Debug|Any CPU
		{36B79894-0E57-45D6-B898-D9498D4BF773}.Debug|Any CPU.Build.0 = Debug|Any CPU
		{36B79894-0E57-45D6-B898-D9498D4BF773}.Release|Any CPU.ActiveCfg = Release|Any CPU
		{36B79894-0E57-45D6-B898-D9498D4BF773}.Release|Any CPU.Build.0 = Release|Any CPU
	EndGlobalSection
EndGlobal
